
Microsoft Visual Studio Solution File, Format Version 12.00
# Visual Studio Version 17
VisualStudioVersion = 17.0.31903.59
MinimumVisualStudioVersion = 10.0.40219.1
Project("{2150E333-8FDC-42A3-9474-1A3956D46DE8}") = "src", "src", "{827E0CD3-B72D-47B6-A68D-7590B98EB39B}"
EndProject
Project("{FAE04EC0-301F-11D3-BF4B-00C04F79EFBC}") = "TeachersToolbox.Core", "src\TeachersToolbox.Core\TeachersToolbox.Core.csproj", "{CF58AE91-9760-4119-BDAE-CCB08B5DE214}"
EndProject
Project("{FAE04EC0-301F-11D3-BF4B-00C04F79EFBC}") = "TeachersToolbox.Data", "src\TeachersToolbox.Data\TeachersToolbox.Data.csproj", "{08D2E90B-45AF-40F5-996B-FB94DE594788}"
EndProject
Project("{FAE04EC0-301F-11D3-BF4B-00C04F79EFBC}") = "TeachersToolbox.App", "src\TeachersToolbox.App\TeachersToolbox.App.csproj", "{70E01F04-7995-4FB7-BFE2-20EC7B3E61B9}"
EndProject
Project("{2150E333-8FDC-42A3-9474-1A3956D46DE8}") = "tests", "tests", "{0AB3BF05-4346-4AA6-1389-037BE0695223}"
EndProject
Project("{FAE04EC0-301F-11D3-BF4B-00C04F79EFBC}") = "TeachersToolbox.Core.Tests", "tests\TeachersToolbox.Core.Tests\TeachersToolbox.Core.Tests.csproj", "{5EBB6A78-87E3-437C-A12F-C99A1DA8B734}"
EndProject
Project("{FAE04EC0-301F-11D3-BF4B-00C04F79EFBC}") = "TeachersToolbox.Data.Tests", "tests\TeachersToolbox.Data.Tests\TeachersToolbox.Data.Tests.csproj", "{4352A2F6-6269-44CC-9BEE-156254F94BB4}"
EndProject
Global
	GlobalSection(SolutionConfigurationPlatforms) = preSolution
		Debug|Any CPU = Debug|Any CPU
		Debug|x64 = Debug|x64
		Debug|x86 = Debug|x86
		Release|Any CPU = Release|Any CPU
		Release|x64 = Release|x64
		Release|x86 = Release|x86
	EndGlobalSection
	GlobalSection(ProjectConfigurationPlatforms) = postSolution
		{CF58AE91-9760-4119-BDAE-CCB08B5DE214}.Debug|Any CPU.ActiveCfg = Debug|Any CPU
		{CF58AE91-9760-4119-BDAE-CCB08B5DE214}.Debug|Any CPU.Build.0 = Debug|Any CPU
		{CF58AE91-9760-4119-BDAE-CCB08B5DE214}.Debug|x64.ActiveCfg = Debug|Any CPU
		{CF58AE91-9760-4119-BDAE-CCB08B5DE214}.Debug|x64.Build.0 = Debug|Any CPU
		{CF58AE91-9760-4119-BDAE-CCB08B5DE214}.Debug|x86.ActiveCfg = Debug|Any CPU
		{CF58AE91-9760-4119-BDAE-CCB08B5DE214}.Debug|x86.Build.0 = Debug|Any CPU
		{CF58AE91-9760-4119-BDAE-CCB08B5DE214}.Release|Any CPU.ActiveCfg = Release|Any CPU
		{CF58AE91-9760-4119-BDAE-CCB08B5DE214}.Release|Any CPU.Build.0 = Release|Any CPU
		{CF58AE91-9760-4119-BDAE-CCB08B5DE214}.Release|x64.ActiveCfg = Release|Any CPU
		{CF58AE91-9760-4119-BDAE-CCB08B5DE214}.Release|x64.Build.0 = Release|Any CPU
		{CF58AE91-9760-4119-BDAE-CCB08B5DE214}.Release|x86.ActiveCfg = Release|Any CPU
		{CF58AE91-9760-4119-BDAE-CCB08B5DE214}.Release|x86.Build.0 = Release|Any CPU
		{08D2E90B-45AF-40F5-996B-FB94DE594788}.Debug|Any CPU.ActiveCfg = Debug|Any CPU
		{08D2E90B-45AF-40F5-996B-FB94DE594788}.Debug|Any CPU.Build.0 = Debug|Any CPU
		{08D2E90B-45AF-40F5-996B-FB94DE594788}.Debug|x64.ActiveCfg = Debug|Any CPU
		{08D2E90B-45AF-40F5-996B-FB94DE594788}.Debug|x64.Build.0 = Debug|Any CPU
		{08D2E90B-45AF-40F5-996B-FB94DE594788}.Debug|x86.ActiveCfg = Debug|Any CPU
		{08D2E90B-45AF-40F5-996B-FB94DE594788}.Debug|x86.Build.0 = Debug|Any CPU
		{08D2E90B-45AF-40F5-996B-FB94DE594788}.Release|Any CPU.ActiveCfg = Release|Any CPU
		{08D2E90B-45AF-40F5-996B-FB94DE594788}.Release|Any CPU.Build.0 = Release|Any CPU
		{08D2E90B-45AF-40F5-996B-FB94DE594788}.Release|x64.ActiveCfg = Release|Any CPU
		{08D2E90B-45AF-40F5-996B-FB94DE594788}.Release|x64.Build.0 = Release|Any CPU
		{08D2E90B-45AF-40F5-996B-FB94DE594788}.Release|x86.ActiveCfg = Release|Any CPU
		{08D2E90B-45AF-40F5-996B-FB94DE594788}.Release|x86.Build.0 = Release|Any CPU
		{70E01F04-7995-4FB7-BFE2-20EC7B3E61B9}.Debug|Any CPU.ActiveCfg = Debug|x86
		{70E01F04-7995-4FB7-BFE2-20EC7B3E61B9}.Debug|Any CPU.Build.0 = Debug|x86
		{70E01F04-7995-4FB7-BFE2-20EC7B3E61B9}.Debug|x64.ActiveCfg = Debug|x64
		{70E01F04-7995-4FB7-BFE2-20EC7B3E61B9}.Debug|x64.Build.0 = Debug|x64
		{70E01F04-7995-4FB7-BFE2-20EC7B3E61B9}.Debug|x86.ActiveCfg = Debug|x86
		{70E01F04-7995-4FB7-BFE2-20EC7B3E61B9}.Debug|x86.Build.0 = Debug|x86
		{70E01F04-7995-4FB7-BFE2-20EC7B3E61B9}.Release|Any CPU.ActiveCfg = Release|x86
		{70E01F04-7995-4FB7-BFE2-20EC7B3E61B9}.Release|Any CPU.Build.0 = Release|x86
		{70E01F04-7995-4FB7-BFE2-20EC7B3E61B9}.Release|x64.ActiveCfg = Release|x64
		{70E01F04-7995-4FB7-BFE2-20EC7B3E61B9}.Release|x64.Build.0 = Release|x64
		{70E01F04-7995-4FB7-BFE2-20EC7B3E61B9}.Release|x86.ActiveCfg = Release|x86
		{70E01F04-7995-4FB7-BFE2-20EC7B3E61B9}.Release|x86.Build.0 = Release|x86
		{5EBB6A78-87E3-437C-A12F-C99A1DA8B734}.Debug|Any CPU.ActiveCfg = Debug|Any CPU
		{5EBB6A78-87E3-437C-A12F-C99A1DA8B734}.Debug|Any CPU.Build.0 = Debug|Any CPU
		{5EBB6A78-87E3-437C-A12F-C99A1DA8B734}.Debug|x64.ActiveCfg = Debug|Any CPU
		{5EBB6A78-87E3-437C-A12F-C99A1DA8B734}.Debug|x64.Build.0 = Debug|Any CPU
		{5EBB6A78-87E3-437C-A12F-C99A1DA8B734}.Debug|x86.ActiveCfg = Debug|Any CPU
		{5EBB6A78-87E3-437C-A12F-C99A1DA8B734}.Debug|x86.Build.0 = Debug|Any CPU
		{5EBB6A78-87E3-437C-A12F-C99A1DA8B734}.Release|Any CPU.ActiveCfg = Release|Any CPU
		{5EBB6A78-87E3-437C-A12F-C99A1DA8B734}.Release|Any CPU.Build.0 = Release|Any CPU
		{5EBB6A78-87E3-437C-A12F-C99A1DA8B734}.Release|x64.ActiveCfg = Release|Any CPU
		{5EBB6A78-87E3-437C-A12F-C99A1DA8B734}.Release|x64.Build.0 = Release|Any CPU
		{5EBB6A78-87E3-437C-A12F-C99A1DA8B734}.Release|x86.ActiveCfg = Release|Any CPU
		{5EBB6A78-87E3-437C-A12F-C99A1DA8B734}.Release|x86.Build.0 = Release|Any CPU
		{4352A2F6-6269-44CC-9BEE-156254F94BB4}.Debug|Any CPU.ActiveCfg = Debug|Any CPU
		{4352A2F6-6269-44CC-9BEE-156254F94BB4}.Debug|Any CPU.Build.0 = Debug|Any CPU
		{4352A2F6-6269-44CC-9BEE-156254F94BB4}.Debug|x64.ActiveCfg = Debug|Any CPU
		{4352A2F6-6269-44CC-9BEE-156254F94BB4}.Debug|x64.Build.0 = Debug|Any CPU
		{4352A2F6-6269-44CC-9BEE-156254F94BB4}.Debug|x86.ActiveCfg = Debug|Any CPU
		{4352A2F6-6269-44CC-9BEE-156254F94BB4}.Debug|x86.Build.0 = Debug|Any CPU
		{4352A2F6-6269-44CC-9BEE-156254F94BB4}.Release|Any CPU.ActiveCfg = Release|Any CPU
		{4352A2F6-6269-44CC-9BEE-156254F94BB4}.Release|Any CPU.Build.0 = Release|Any CPU
		{4352A2F6-6269-44CC-9BEE-156254F94BB4}.Release|x64.ActiveCfg = Release|Any CPU
		{4352A2F6-6269-44CC-9BEE-156254F94BB4}.Release|x64.Build.0 = Release|Any CPU
		{4352A2F6-6269-44CC-9BEE-156254F94BB4}.Release|x86.ActiveCfg = Release|Any CPU
		{4352A2F6-6269-44CC-9BEE-156254F94BB4}.Release|x86.Build.0 = Release|Any CPU
	EndGlobalSection
	GlobalSection(SolutionProperties) = preSolution
		HideSolutionNode = FALSE
	EndGlobalSection
	GlobalSection(NestedProjects) = preSolution
		{CF58AE91-9760-4119-BDAE-CCB08B5DE214} = {827E0CD3-B72D-47B6-A68D-7590B98EB39B}
		{08D2E90B-45AF-40F5-996B-FB94DE594788} = {827E0CD3-B72D-47B6-A68D-7590B98EB39B}
		{70E01F04-7995-4FB7-BFE2-20EC7B3E61B9} = {827E0CD3-B72D-47B6-A68D-7590B98EB39B}
		{5EBB6A78-87E3-437C-A12F-C99A1DA8B734} = {0AB3BF05-4346-4AA6-1389-037BE0695223}
		{4352A2F6-6269-44CC-9BEE-156254F94BB4} = {0AB3BF05-4346-4AA6-1389-037BE0695223}
	EndGlobalSection
EndGlobal
